// !$*UTF8*$!
{
	archiveVersion = 1;
	classes = {
	};
	objectVersion = 56;
	objects = {

/* Begin PBXBuildFile section */
		4B42C0B92C08D31C00914158 /* Culminating_Sports_appApp.swift in Sources */ = {isa = PBXBuildFile; fileRef = 4B42C0B82C08D31C00914158 /* Culminating_Sports_appApp.swift */; };
		4B42C0BB2C08D31C00914158 /* Sport.swift in Sources */ = {isa = PBXBuildFile; fileRef = 4B42C0BA2C08D31C00914158 /* Sport.swift */; };
		4B42C0BD2C08D31E00914158 /* Assets.xcassets in Resources */ = {isa = PBXBuildFile; fileRef = 4B42C0BC2C08D31E00914158 /* Assets.xcassets */; };
		4B42C0C02C08D31E00914158 /* Preview Assets.xcassets in Resources */ = {isa = PBXBuildFile; fileRef = 4B42C0BF2C08D31E00914158 /* Preview Assets.xcassets */; };
		4B42C0E52C08D9A500914158 /* SportListItemView.swift in Sources */ = {isa = PBXBuildFile; fileRef = 4B42C0E42C08D9A500914158 /* SportListItemView.swift */; };
		4B42C0E72C08DC3F00914158 /* TeamsListView.swift in Sources */ = {isa = PBXBuildFile; fileRef = 4B42C0E62C08DC3F00914158 /* TeamsListView.swift */; };
		4B42C0E92C0A4F0E00914158 /* SportsListView.swift in Sources */ = {isa = PBXBuildFile; fileRef = 4B42C0E82C0A4F0E00914158 /* SportsListView.swift */; };
		4B42C0EB2C0A539F00914158 /* LandingView.swift in Sources */ = {isa = PBXBuildFile; fileRef = 4B42C0EA2C0A539F00914158 /* LandingView.swift */; };
		4B42C0F92C1886CA00914158 /* GamesListView.swift in Sources */ = {isa = PBXBuildFile; fileRef = 4B42C0F82C1886CA00914158 /* GamesListView.swift */; };
		4B42C0FB2C18888E00914158 /* GameDetailView.swift in Sources */ = {isa = PBXBuildFile; fileRef = 4B42C0FA2C18888E00914158 /* GameDetailView.swift */; };
		4B42C0FD2C191B5700914158 /* ScoreDetailView.swift in Sources */ = {isa = PBXBuildFile; fileRef = 4B42C0FC2C191B5700914158 /* ScoreDetailView.swift */; };
		4B42C0FF2C1BC80400914158 /* AddGameView.swift in Sources */ = {isa = PBXBuildFile; fileRef = 4B42C0FE2C1BC80400914158 /* AddGameView.swift */; };
/* End PBXBuildFile section */

/* Begin PBXContainerItemProxy section */
		4B42C0C62C08D31E00914158 /* PBXContainerItemProxy */ = {
			isa = PBXContainerItemProxy;
			containerPortal = 4B42C0AD2C08D31C00914158 /* Project object */;
			proxyType = 1;
			remoteGlobalIDString = 4B42C0B42C08D31C00914158;
			remoteInfo = "Culminating Sports app";
		};
		4B42C0D02C08D31E00914158 /* PBXContainerItemProxy */ = {
			isa = PBXContainerItemProxy;
			containerPortal = 4B42C0AD2C08D31C00914158 /* Project object */;
			proxyType = 1;
			remoteGlobalIDString = 4B42C0B42C08D31C00914158;
			remoteInfo = "Culminating Sports app";
		};
/* End PBXContainerItemProxy section */

/* Begin PBXFileReference section */
		4B42C0B52C08D31C00914158 /* Culminating Sports app.app */ = {isa = PBXFileReference; explicitFileType = wrapper.application; includeInIndex = 0; path = "Culminating Sports app.app"; sourceTree = BUILT_PRODUCTS_DIR; };
		4B42C0B82C08D31C00914158 /* Culminating_Sports_appApp.swift */ = {isa = PBXFileReference; lastKnownFileType = sourcecode.swift; path = Culminating_Sports_appApp.swift; sourceTree = "<group>"; };
		4B42C0BA2C08D31C00914158 /* Sport.swift */ = {isa = PBXFileReference; lastKnownFileType = sourcecode.swift; path = Sport.swift; sourceTree = "<group>"; };
		4B42C0BC2C08D31E00914158 /* Assets.xcassets */ = {isa = PBXFileReference; lastKnownFileType = folder.assetcatalog; path = Assets.xcassets; sourceTree = "<group>"; };
		4B42C0BF2C08D31E00914158 /* Preview Assets.xcassets */ = {isa = PBXFileReference; lastKnownFileType = folder.assetcatalog; path = "Preview Assets.xcassets"; sourceTree = "<group>"; };
		4B42C0C52C08D31E00914158 /* Culminating Sports appTests.xctest */ = {isa = PBXFileReference; explicitFileType = wrapper.cfbundle; includeInIndex = 0; path = "Culminating Sports appTests.xctest"; sourceTree = BUILT_PRODUCTS_DIR; };
		4B42C0CF2C08D31E00914158 /* Culminating Sports appUITests.xctest */ = {isa = PBXFileReference; explicitFileType = wrapper.cfbundle; includeInIndex = 0; path = "Culminating Sports appUITests.xctest"; sourceTree = BUILT_PRODUCTS_DIR; };
		4B42C0E42C08D9A500914158 /* SportListItemView.swift */ = {isa = PBXFileReference; lastKnownFileType = sourcecode.swift; path = SportListItemView.swift; sourceTree = "<group>"; };
		4B42C0E62C08DC3F00914158 /* TeamsListView.swift */ = {isa = PBXFileReference; lastKnownFileType = sourcecode.swift; path = TeamsListView.swift; sourceTree = "<group>"; };
		4B42C0E82C0A4F0E00914158 /* SportsListView.swift */ = {isa = PBXFileReference; lastKnownFileType = sourcecode.swift; path = SportsListView.swift; sourceTree = "<group>"; };
		4B42C0EA2C0A539F00914158 /* LandingView.swift */ = {isa = PBXFileReference; lastKnownFileType = sourcecode.swift; path = LandingView.swift; sourceTree = "<group>"; };
		4B42C0F82C1886CA00914158 /* GamesListView.swift */ = {isa = PBXFileReference; lastKnownFileType = sourcecode.swift; path = GamesListView.swift; sourceTree = "<group>"; };
		4B42C0FA2C18888E00914158 /* GameDetailView.swift */ = {isa = PBXFileReference; lastKnownFileType = sourcecode.swift; path = GameDetailView.swift; sourceTree = "<group>"; };
		4B42C0FC2C191B5700914158 /* ScoreDetailView.swift */ = {isa = PBXFileReference; lastKnownFileType = sourcecode.swift; path = ScoreDetailView.swift; sourceTree = "<group>"; };
		4B42C0FE2C1BC80400914158 /* AddGameView.swift */ = {isa = PBXFileReference; lastKnownFileType = sourcecode.swift; path = AddGameView.swift; sourceTree = "<group>"; };
/* End PBXFileReference section */

/* Begin PBXFrameworksBuildPhase section */
		4B42C0B22C08D31C00914158 /* Frameworks */ = {
			isa = PBXFrameworksBuildPhase;
			buildActionMask = 2147483647;
			files = (
			);
			runOnlyForDeploymentPostprocessing = 0;
		};
		4B42C0C22C08D31E00914158 /* Frameworks */ = {
			isa = PBXFrameworksBuildPhase;
			buildActionMask = 2147483647;
			files = (
			);
			runOnlyForDeploymentPostprocessing = 0;
		};
		4B42C0CC2C08D31E00914158 /* Frameworks */ = {
			isa = PBXFrameworksBuildPhase;
			buildActionMask = 2147483647;
			files = (
			);
			runOnlyForDeploymentPostprocessing = 0;
		};
/* End PBXFrameworksBuildPhase section */

/* Begin PBXGroup section */
		4B42C0AC2C08D31C00914158 = {
			isa = PBXGroup;
			children = (
				4B42C0B72C08D31C00914158 /* Culminating Sports app */,
				4B42C0B62C08D31C00914158 /* Products */,
			);
			sourceTree = "<group>";
		};
		4B42C0B62C08D31C00914158 /* Products */ = {
			isa = PBXGroup;
			children = (
				4B42C0B52C08D31C00914158 /* Culminating Sports app.app */,
				4B42C0C52C08D31E00914158 /* Culminating Sports appTests.xctest */,
				4B42C0CF2C08D31E00914158 /* Culminating Sports appUITests.xctest */,
			);
			name = Products;
			sourceTree = "<group>";
		};
		4B42C0B72C08D31C00914158 /* Culminating Sports app */ = {
			isa = PBXGroup;
			children = (
				4B42C0B82C08D31C00914158 /* Culminating_Sports_appApp.swift */,
				4B42C0E22C08D5F000914158 /* Model */,
				4B42C0E32C08D61800914158 /* Views */,
				4B42C0BC2C08D31E00914158 /* Assets.xcassets */,
				4B42C0BE2C08D31E00914158 /* Preview Content */,
			);
			path = "Culminating Sports app";
			sourceTree = "<group>";
		};
		4B42C0BE2C08D31E00914158 /* Preview Content */ = {
			isa = PBXGroup;
			children = (
				4B42C0BF2C08D31E00914158 /* Preview Assets.xcassets */,
			);
			path = "Preview Content";
			sourceTree = "<group>";
		};
		4B42C0E22C08D5F000914158 /* Model */ = {
			isa = PBXGroup;
			children = (
				4B42C0BA2C08D31C00914158 /* Sport.swift */,
			);
			path = Model;
			sourceTree = "<group>";
		};
		4B42C0E32C08D61800914158 /* Views */ = {
			isa = PBXGroup;
			children = (
				4B42C0E42C08D9A500914158 /* SportListItemView.swift */,
				4B42C0E62C08DC3F00914158 /* TeamsListView.swift */,
				4B42C0E82C0A4F0E00914158 /* SportsListView.swift */,
				4B42C0EA2C0A539F00914158 /* LandingView.swift */,
				4B42C0F82C1886CA00914158 /* GamesListView.swift */,
				4B42C0FA2C18888E00914158 /* GameDetailView.swift */,
				4B42C0FC2C191B5700914158 /* ScoreDetailView.swift */,
				4B42C0FE2C1BC80400914158 /* AddGameView.swift */,
			);
			path = Views;
			sourceTree = "<group>";
		};
/* End PBXGroup section */

/* Begin PBXNativeTarget section */
		4B42C0B42C08D31C00914158 /* Culminating Sports app */ = {
			isa = PBXNativeTarget;
			buildConfigurationList = 4B42C0D92C08D31E00914158 /* Build configuration list for PBXNativeTarget "Culminating Sports app" */;
			buildPhases = (
				4B42C0B12C08D31C00914158 /* Sources */,
				4B42C0B22C08D31C00914158 /* Frameworks */,
				4B42C0B32C08D31C00914158 /* Resources */,
			);
			buildRules = (
			);
			dependencies = (
			);
			name = "Culminating Sports app";
			productName = "Culminating Sports app";
			productReference = 4B42C0B52C08D31C00914158 /* Culminating Sports app.app */;
			productType = "com.apple.product-type.application";
		};
		4B42C0C42C08D31E00914158 /* Culminating Sports appTests */ = {
			isa = PBXNativeTarget;
			buildConfigurationList = 4B42C0DC2C08D31E00914158 /* Build configuration list for PBXNativeTarget "Culminating Sports appTests" */;
			buildPhases = (
				4B42C0C12C08D31E00914158 /* Sources */,
				4B42C0C22C08D31E00914158 /* Frameworks */,
				4B42C0C32C08D31E00914158 /* Resources */,
			);
			buildRules = (
			);
			dependencies = (
				4B42C0C72C08D31E00914158 /* PBXTargetDependency */,
			);
			name = "Culminating Sports appTests";
			productName = "Culminating Sports appTests";
			productReference = 4B42C0C52C08D31E00914158 /* Culminating Sports appTests.xctest */;
			productType = "com.apple.product-type.bundle.unit-test";
		};
		4B42C0CE2C08D31E00914158 /* Culminating Sports appUITests */ = {
			isa = PBXNativeTarget;
			buildConfigurationList = 4B42C0DF2C08D31E00914158 /* Build configuration list for PBXNativeTarget "Culminating Sports appUITests" */;
			buildPhases = (
				4B42C0CB2C08D31E00914158 /* Sources */,
				4B42C0CC2C08D31E00914158 /* Frameworks */,
				4B42C0CD2C08D31E00914158 /* Resources */,
			);
			buildRules = (
			);
			dependencies = (
				4B42C0D12C08D31E00914158 /* PBXTargetDependency */,
			);
			name = "Culminating Sports appUITests";
			productName = "Culminating Sports appUITests";
			productReference = 4B42C0CF2C08D31E00914158 /* Culminating Sports appUITests.xctest */;
			productType = "com.apple.product-type.bundle.ui-testing";
		};
/* End PBXNativeTarget section */

/* Begin PBXProject section */
		4B42C0AD2C08D31C00914158 /* Project object */ = {
			isa = PBXProject;
			attributes = {
				BuildIndependentTargetsInParallel = 1;
				LastSwiftUpdateCheck = 1500;
				LastUpgradeCheck = 1500;
				TargetAttributes = {
					4B42C0B42C08D31C00914158 = {
						CreatedOnToolsVersion = 15.0;
					};
					4B42C0C42C08D31E00914158 = {
						CreatedOnToolsVersion = 15.0;
						TestTargetID = 4B42C0B42C08D31C00914158;
					};
					4B42C0CE2C08D31E00914158 = {
						CreatedOnToolsVersion = 15.0;
						TestTargetID = 4B42C0B42C08D31C00914158;
					};
				};
			};
			buildConfigurationList = 4B42C0B02C08D31C00914158 /* Build configuration list for PBXProject "Culminating Sports app" */;
			compatibilityVersion = "Xcode 14.0";
			developmentRegion = en;
			hasScannedForEncodings = 0;
			knownRegions = (
				en,
				Base,
			);
			mainGroup = 4B42C0AC2C08D31C00914158;
			productRefGroup = 4B42C0B62C08D31C00914158 /* Products */;
			projectDirPath = "";
			projectRoot = "";
			targets = (
				4B42C0B42C08D31C00914158 /* Culminating Sports app */,
				4B42C0C42C08D31E00914158 /* Culminating Sports appTests */,
				4B42C0CE2C08D31E00914158 /* Culminating Sports appUITests */,
			);
		};
/* End PBXProject section */

/* Begin PBXResourcesBuildPhase section */
		4B42C0B32C08D31C00914158 /* Resources */ = {
			isa = PBXResourcesBuildPhase;
			buildActionMask = 2147483647;
			files = (
				4B42C0C02C08D31E00914158 /* Preview Assets.xcassets in Resources */,
				4B42C0BD2C08D31E00914158 /* Assets.xcassets in Resources */,
			);
			runOnlyForDeploymentPostprocessing = 0;
		};
		4B42C0C32C08D31E00914158 /* Resources */ = {
			isa = PBXResourcesBuildPhase;
			buildActionMask = 2147483647;
			files = (
			);
			runOnlyForDeploymentPostprocessing = 0;
		};
		4B42C0CD2C08D31E00914158 /* Resources */ = {
			isa = PBXResourcesBuildPhase;
			buildActionMask = 2147483647;
			files = (
			);
			runOnlyForDeploymentPostprocessing = 0;
		};
/* End PBXResourcesBuildPhase section */

/* Begin PBXSourcesBuildPhase section */
		4B42C0B12C08D31C00914158 /* Sources */ = {
			isa = PBXSourcesBuildPhase;
			buildActionMask = 2147483647;
			files = (
				4B42C0EB2C0A539F00914158 /* LandingView.swift in Sources */,
				4B42C0E52C08D9A500914158 /* SportListItemView.swift in Sources */,
				4B42C0FF2C1BC80400914158 /* AddGameView.swift in Sources */,
				4B42C0F92C1886CA00914158 /* GamesListView.swift in Sources */,
				4B42C0E72C08DC3F00914158 /* TeamsListView.swift in Sources */,
				4B42C0E92C0A4F0E00914158 /* SportsListView.swift in Sources */,
				4B42C0FD2C191B5700914158 /* ScoreDetailView.swift in Sources */,
				4B42C0BB2C08D31C00914158 /* Sport.swift in Sources */,
				4B42C0B92C08D31C00914158 /* Culminating_Sports_appApp.swift in Sources */,
				4B42C0FB2C18888E00914158 /* GameDetailView.swift in Sources */,
			);
			runOnlyForDeploymentPostprocessing = 0;
		};
		4B42C0C12C08D31E00914158 /* Sources */ = {
			isa = PBXSourcesBuildPhase;
			buildActionMask = 2147483647;
			files = (
			);
			runOnlyForDeploymentPostprocessing = 0;
		};
		4B42C0CB2C08D31E00914158 /* Sources */ = {
			isa = PBXSourcesBuildPhase;
			buildActionMask = 2147483647;
			files = (
			);
			runOnlyForDeploymentPostprocessing = 0;
		};
/* End PBXSourcesBuildPhase section */

/* Begin PBXTargetDependency section */
		4B42C0C72C08D31E00914158 /* PBXTargetDependency */ = {
			isa = PBXTargetDependency;
			target = 4B42C0B42C08D31C00914158 /* Culminating Sports app */;
			targetProxy = 4B42C0C62C08D31E00914158 /* PBXContainerItemProxy */;
		};
		4B42C0D12C08D31E00914158 /* PBXTargetDependency */ = {
			isa = PBXTargetDependency;
			target = 4B42C0B42C08D31C00914158 /* Culminating Sports app */;
			targetProxy = 4B42C0D02C08D31E00914158 /* PBXContainerItemProxy */;
		};
/* End PBXTargetDependency section */

/* Begin XCBuildConfiguration section */
		4B42C0D72C08D31E00914158 /* Debug */ = {
			isa = XCBuildConfiguration;
			buildSettings = {
				ALWAYS_SEARCH_USER_PATHS = NO;
				ASSETCATALOG_COMPILER_GENERATE_SWIFT_ASSET_SYMBOL_EXTENSIONS = YES;
				CLANG_ANALYZER_NONNULL = YES;
				CLANG_ANALYZER_NUMBER_OBJECT_CONVERSION = YES_AGGRESSIVE;
				CLANG_CXX_LANGUAGE_STANDARD = "gnu++20";
				CLANG_ENABLE_MODULES = YES;
				CLANG_ENABLE_OBJC_ARC = YES;
				CLANG_ENABLE_OBJC_WEAK = YES;
				CLANG_WARN_BLOCK_CAPTURE_AUTORELEASING = YES;
				CLANG_WARN_BOOL_CONVERSION = YES;
				CLANG_WARN_COMMA = YES;
				CLANG_WARN_CONSTANT_CONVERSION = YES;
				CLANG_WARN_DEPRECATED_OBJC_IMPLEMENTATIONS = YES;
				CLANG_WARN_DIRECT_OBJC_ISA_USAGE = YES_ERROR;
				CLANG_WARN_DOCUMENTATION_COMMENTS = YES;
				CLANG_WARN_EMPTY_BODY = YES;
				CLANG_WARN_ENUM_CONVERSION = YES;
				CLANG_WARN_INFINITE_RECURSION = YES;
				CLANG_WARN_INT_CONVERSION = YES;
				CLANG_WARN_NON_LITERAL_NULL_CONVERSION = YES;
				CLANG_WARN_OBJC_IMPLICIT_RETAIN_SELF = YES;
				CLANG_WARN_OBJC_LITERAL_CONVERSION = YES;
				CLANG_WARN_OBJC_ROOT_CLASS = YES_ERROR;
				CLANG_WARN_QUOTED_INCLUDE_IN_FRAMEWORK_HEADER = YES;
				CLANG_WARN_RANGE_LOOP_ANALYSIS = YES;
				CLANG_WARN_STRICT_PROTOTYPES = YES;
				CLANG_WARN_SUSPICIOUS_MOVE = YES;
				CLANG_WARN_UNGUARDED_AVAILABILITY = YES_AGGRESSIVE;
				CLANG_WARN_UNREACHABLE_CODE = YES;
				CLANG_WARN__DUPLICATE_METHOD_MATCH = YES;
				COPY_PHASE_STRIP = NO;
				DEBUG_INFORMATION_FORMAT = dwarf;
				ENABLE_STRICT_OBJC_MSGSEND = YES;
				ENABLE_TESTABILITY = YES;
				ENABLE_USER_SCRIPT_SANDBOXING = YES;
				GCC_C_LANGUAGE_STANDARD = gnu17;
				GCC_DYNAMIC_NO_PIC = NO;
				GCC_NO_COMMON_BLOCKS = YES;
				GCC_OPTIMIZATION_LEVEL = 0;
				GCC_PREPROCESSOR_DEFINITIONS = (
					"DEBUG=1",
					"$(inherited)",
				);
				GCC_WARN_64_TO_32_BIT_CONVERSION = YES;
				GCC_WARN_ABOUT_RETURN_TYPE = YES_ERROR;
				GCC_WARN_UNDECLARED_SELECTOR = YES;
				GCC_WARN_UNINITIALIZED_AUTOS = YES_AGGRESSIVE;
				GCC_WARN_UNUSED_FUNCTION = YES;
				GCC_WARN_UNUSED_VARIABLE = YES;
				IPHONEOS_DEPLOYMENT_TARGET = 17.0;
				LOCALIZATION_PREFERS_STRING_CATALOGS = YES;
				MTL_ENABLE_DEBUG_INFO = INCLUDE_SOURCE;
				MTL_FAST_MATH = YES;
				ONLY_ACTIVE_ARCH = YES;
				SDKROOT = iphoneos;
				SWIFT_ACTIVE_COMPILATION_CONDITIONS = "DEBUG $(inherited)";
				SWIFT_OPTIMIZATION_LEVEL = "-Onone";
			};
			name = Debug;
		};
		4B42C0D82C08D31E00914158 /* Release */ = {
			isa = XCBuildConfiguration;
			buildSettings = {
				ALWAYS_SEARCH_USER_PATHS = NO;
				ASSETCATALOG_COMPILER_GENERATE_SWIFT_ASSET_SYMBOL_EXTENSIONS = YES;
				CLANG_ANALYZER_NONNULL = YES;
				CLANG_ANALYZER_NUMBER_OBJECT_CONVERSION = YES_AGGRESSIVE;
				CLANG_CXX_LANGUAGE_STANDARD = "gnu++20";
				CLANG_ENABLE_MODULES = YES;
				CLANG_ENABLE_OBJC_ARC = YES;
				CLANG_ENABLE_OBJC_WEAK = YES;
				CLANG_WARN_BLOCK_CAPTURE_AUTORELEASING = YES;
				CLANG_WARN_BOOL_CONVERSION = YES;
				CLANG_WARN_COMMA = YES;
				CLANG_WARN_CONSTANT_CONVERSION = YES;
				CLANG_WARN_DEPRECATED_OBJC_IMPLEMENTATIONS = YES;
				CLANG_WARN_DIRECT_OBJC_ISA_USAGE = YES_ERROR;
				CLANG_WARN_DOCUMENTATION_COMMENTS = YES;
				CLANG_WARN_EMPTY_BODY = YES;
				CLANG_WARN_ENUM_CONVERSION = YES;
				CLANG_WARN_INFINITE_RECURSION = YES;
				CLANG_WARN_INT_CONVERSION = YES;
				CLANG_WARN_NON_LITERAL_NULL_CONVERSION = YES;
				CLANG_WARN_OBJC_IMPLICIT_RETAIN_SELF = YES;
				CLANG_WARN_OBJC_LITERAL_CONVERSION = YES;
				CLANG_WARN_OBJC_ROOT_CLASS = YES_ERROR;
				CLANG_WARN_QUOTED_INCLUDE_IN_FRAMEWORK_HEADER = YES;
				CLANG_WARN_RANGE_LOOP_ANALYSIS = YES;
				CLANG_WARN_STRICT_PROTOTYPES = YES;
				CLANG_WARN_SUSPICIOUS_MOVE = YES;
				CLANG_WARN_UNGUARDED_AVAILABILITY = YES_AGGRESSIVE;
				CLANG_WARN_UNREACHABLE_CODE = YES;
				CLANG_WARN__DUPLICATE_METHOD_MATCH = YES;
				COPY_PHASE_STRIP = NO;
				DEBUG_INFORMATION_FORMAT = "dwarf-with-dsym";
				ENABLE_NS_ASSERTIONS = NO;
				ENABLE_STRICT_OBJC_MSGSEND = YES;
				ENABLE_USER_SCRIPT_SANDBOXING = YES;
				GCC_C_LANGUAGE_STANDARD = gnu17;
				GCC_NO_COMMON_BLOCKS = YES;
				GCC_WARN_64_TO_32_BIT_CONVERSION = YES;
				GCC_WARN_ABOUT_RETURN_TYPE = YES_ERROR;
				GCC_WARN_UNDECLARED_SELECTOR = YES;
				GCC_WARN_UNINITIALIZED_AUTOS = YES_AGGRESSIVE;
				GCC_WARN_UNUSED_FUNCTION = YES;
				GCC_WARN_UNUSED_VARIABLE = YES;
				IPHONEOS_DEPLOYMENT_TARGET = 17.0;
				LOCALIZATION_PREFERS_STRING_CATALOGS = YES;
				MTL_ENABLE_DEBUG_INFO = NO;
				MTL_FAST_MATH = YES;
				SDKROOT = iphoneos;
				SWIFT_COMPILATION_MODE = wholemodule;
				VALIDATE_PRODUCT = YES;
			};
			name = Release;
		};
		4B42C0DA2C08D31E00914158 /* Debug */ = {
			isa = XCBuildConfiguration;
			buildSettings = {
				ASSETCATALOG_COMPILER_APPICON_NAME = AppIcon;
				ASSETCATALOG_COMPILER_GLOBAL_ACCENT_COLOR_NAME = AccentColor;
				CODE_SIGN_STYLE = Automatic;
				CURRENT_PROJECT_VERSION = 1;
				DEVELOPMENT_ASSET_PATHS = "\"Culminating Sports app/Preview Content\"";
				DEVELOPMENT_TEAM = 9X7692C5V4;
				ENABLE_PREVIEWS = YES;
				GENERATE_INFOPLIST_FILE = YES;
				INFOPLIST_KEY_UIApplicationSceneManifest_Generation = YES;
				INFOPLIST_KEY_UIApplicationSupportsIndirectInputEvents = YES;
				INFOPLIST_KEY_UILaunchScreen_Generation = YES;
				INFOPLIST_KEY_UISupportedInterfaceOrientations_iPad = "UIInterfaceOrientationPortrait UIInterfaceOrientationPortraitUpsideDown UIInterfaceOrientationLandscapeLeft UIInterfaceOrientationLandscapeRight";
				INFOPLIST_KEY_UISupportedInterfaceOrientations_iPhone = "UIInterfaceOrientationPortrait UIInterfaceOrientationLandscapeLeft UIInterfaceOrientationLandscapeRight";
				LD_RUNPATH_SEARCH_PATHS = (
					"$(inherited)",
					"@executable_path/Frameworks",
				);
				MARKETING_VERSION = 1.0;
				PRODUCT_BUNDLE_IDENTIFIER = "ca.willoke.Culminating-Sports-app";
				PRODUCT_NAME = "$(TARGET_NAME)";
				SWIFT_EMIT_LOC_STRINGS = YES;
				SWIFT_VERSION = 5.0;
				TARGETED_DEVICE_FAMILY = "1,2";
			};
			name = Debug;
		};
		4B42C0DB2C08D31E00914158 /* Release */ = {
			isa = XCBuildConfiguration;
			buildSettings = {
				ASSETCATALOG_COMPILER_APPICON_NAME = AppIcon;
				ASSETCATALOG_COMPILER_GLOBAL_ACCENT_COLOR_NAME = AccentColor;
				CODE_SIGN_STYLE = Automatic;
				CURRENT_PROJECT_VERSION = 1;
				DEVELOPMENT_ASSET_PATHS = "\"Culminating Sports app/Preview Content\"";
				DEVELOPMENT_TEAM = 9X7692C5V4;
				ENABLE_PREVIEWS = YES;
				GENERATE_INFOPLIST_FILE = YES;
				INFOPLIST_KEY_UIApplicationSceneManifest_Generation = YES;
				INFOPLIST_KEY_UIApplicationSupportsIndirectInputEvents = YES;
				INFOPLIST_KEY_UILaunchScreen_Generation = YES;
				INFOPLIST_KEY_UISupportedInterfaceOrientations_iPad = "UIInterfaceOrientationPortrait UIInterfaceOrientationPortraitUpsideDown UIInterfaceOrientationLandscapeLeft UIInterfaceOrientationLandscapeRight";
				INFOPLIST_KEY_UISupportedInterfaceOrientations_iPhone = "UIInterfaceOrientationPortrait UIInterfaceOrientationLandscapeLeft UIInterfaceOrientationLandscapeRight";
				LD_RUNPATH_SEARCH_PATHS = (
					"$(inherited)",
					"@executable_path/Frameworks",
				);
				MARKETING_VERSION = 1.0;
				PRODUCT_BUNDLE_IDENTIFIER = "ca.willoke.Culminating-Sports-app";
				PRODUCT_NAME = "$(TARGET_NAME)";
				SWIFT_EMIT_LOC_STRINGS = YES;
				SWIFT_VERSION = 5.0;
				TARGETED_DEVICE_FAMILY = "1,2";
			};
			name = Release;
		};
		4B42C0DD2C08D31E00914158 /* Debug */ = {
			isa = XCBuildConfiguration;
			buildSettings = {
				ALWAYS_EMBED_SWIFT_STANDARD_LIBRARIES = YES;
				BUNDLE_LOADER = "$(TEST_HOST)";
				CODE_SIGN_STYLE = Automatic;
				CURRENT_PROJECT_VERSION = 1;
				DEVELOPMENT_TEAM = 9X7692C5V4;
				GENERATE_INFOPLIST_FILE = YES;
				IPHONEOS_DEPLOYMENT_TARGET = 17.0;
				MARKETING_VERSION = 1.0;
				PRODUCT_BUNDLE_IDENTIFIER = "ca.willoke.Culminating-Sports-appTests";
				PRODUCT_NAME = "$(TARGET_NAME)";
				SWIFT_EMIT_LOC_STRINGS = NO;
				SWIFT_VERSION = 5.0;
				TARGETED_DEVICE_FAMILY = "1,2";
				TEST_HOST = "$(BUILT_PRODUCTS_DIR)/Culminating Sports app.app/$(BUNDLE_EXECUTABLE_FOLDER_PATH)/Culminating Sports app";
			};
			name = Debug;
		};
		4B42C0DE2C08D31E00914158 /* Release */ = {
			isa = XCBuildConfiguration;
			buildSettings = {
				ALWAYS_EMBED_SWIFT_STANDARD_LIBRARIES = YES;
				BUNDLE_LOADER = "$(TEST_HOST)";
				CODE_SIGN_STYLE = Automatic;
				CURRENT_PROJECT_VERSION = 1;
				DEVELOPMENT_TEAM = 9X7692C5V4;
				GENERATE_INFOPLIST_FILE = YES;
				IPHONEOS_DEPLOYMENT_TARGET = 17.0;
				MARKETING_VERSION = 1.0;
				PRODUCT_BUNDLE_IDENTIFIER = "ca.willoke.Culminating-Sports-appTests";
				PRODUCT_NAME = "$(TARGET_NAME)";
				SWIFT_EMIT_LOC_STRINGS = NO;
				SWIFT_VERSION = 5.0;
				TARGETED_DEVICE_FAMILY = "1,2";
				TEST_HOST = "$(BUILT_PRODUCTS_DIR)/Culminating Sports app.app/$(BUNDLE_EXECUTABLE_FOLDER_PATH)/Culminating Sports app";
			};
			name = Release;
		};
		4B42C0E02C08D31E00914158 /* Debug */ = {
			isa = XCBuildConfiguration;
			buildSettings = {
				ALWAYS_EMBED_SWIFT_STANDARD_LIBRARIES = YES;
				CODE_SIGN_STYLE = Automatic;
				CURRENT_PROJECT_VERSION = 1;
				DEVELOPMENT_TEAM = 9X7692C5V4;
				GENERATE_INFOPLIST_FILE = YES;
				MARKETING_VERSION = 1.0;
				PRODUCT_BUNDLE_IDENTIFIER = "ca.willoke.Culminating-Sports-appUITests";
				PRODUCT_NAME = "$(TARGET_NAME)";
				SWIFT_EMIT_LOC_STRINGS = NO;
				SWIFT_VERSION = 5.0;
				TARGETED_DEVICE_FAMILY = "1,2";
				TEST_TARGET_NAME = "Culminating Sports app";
			};
			name = Debug;
		};
		4B42C0E12C08D31E00914158 /* Release */ = {
			isa = XCBuildConfiguration;
			buildSettings = {
				ALWAYS_EMBED_SWIFT_STANDARD_LIBRARIES = YES;
				CODE_SIGN_STYLE = Automatic;
				CURRENT_PROJECT_VERSION = 1;
				DEVELOPMENT_TEAM = 9X7692C5V4;
				GENERATE_INFOPLIST_FILE = YES;
				MARKETING_VERSION = 1.0;
				PRODUCT_BUNDLE_IDENTIFIER = "ca.willoke.Culminating-Sports-appUITests";
				PRODUCT_NAME = "$(TARGET_NAME)";
				SWIFT_EMIT_LOC_STRINGS = NO;
				SWIFT_VERSION = 5.0;
				TARGETED_DEVICE_FAMILY = "1,2";
				TEST_TARGET_NAME = "Culminating Sports app";
			};
			name = Release;
		};
/* End XCBuildConfiguration section */

/* Begin XCConfigurationList section */
		4B42C0B02C08D31C00914158 /* Build configuration list for PBXProject "Culminating Sports app" */ = {
			isa = XCConfigurationList;
			buildConfigurations = (
				4B42C0D72C08D31E00914158 /* Debug */,
				4B42C0D82C08D31E00914158 /* Release */,
			);
			defaultConfigurationIsVisible = 0;
			defaultConfigurationName = Release;
		};
		4B42C0D92C08D31E00914158 /* Build configuration list for PBXNativeTarget "Culminating Sports app" */ = {
			isa = XCConfigurationList;
			buildConfigurations = (
				4B42C0DA2C08D31E00914158 /* Debug */,
				4B42C0DB2C08D31E00914158 /* Release */,
			);
			defaultConfigurationIsVisible = 0;
			defaultConfigurationName = Release;
		};
		4B42C0DC2C08D31E00914158 /* Build configuration list for PBXNativeTarget "Culminating Sports appTests" */ = {
			isa = XCConfigurationList;
			buildConfigurations = (
				4B42C0DD2C08D31E00914158 /* Debug */,
				4B42C0DE2C08D31E00914158 /* Release */,
			);
			defaultConfigurationIsVisible = 0;
			defaultConfigurationName = Release;
		};
		4B42C0DF2C08D31E00914158 /* Build configuration list for PBXNativeTarget "Culminating Sports appUITests" */ = {
			isa = XCConfigurationList;
			buildConfigurations = (
				4B42C0E02C08D31E00914158 /* Debug */,
				4B42C0E12C08D31E00914158 /* Release */,
			);
			defaultConfigurationIsVisible = 0;
			defaultConfigurationName = Release;
		};
/* End XCConfigurationList section */
	};
	rootObject = 4B42C0AD2C08D31C00914158 /* Project object */;
}
